
Microsoft Visual Studio Solution File, Format Version 12.00
# Visual Studio Version 16
VisualStudioVersion = 16.0.31025.194
MinimumVisualStudioVersion = 10.0.40219.1
Project("{FAE04EC0-301F-11D3-BF4B-00C04F79EFBC}") = "MailDI", "MailDI\MailDI.csproj", "{C84626A5-6C3D-4A2B-A6A9-DAAD4B1E51AF}"
EndProject
Global
	GlobalSection(SolutionConfigurationPlatforms) = preSolution
		Debug|Any CPU = Debug|Any CPU
		Release|Any CPU = Release|Any CPU
	EndGlobalSection
	GlobalSection(ProjectConfigurationPlatforms) = postSolution
		{C84626A5-6C3D-4A2B-A6A9-DAAD4B1E51AF}.Debug|Any CPU.ActiveCfg = Debug|Any CPU
		{C84626A5-6C3D-4A2B-A6A9-DAAD4B1E51AF}.Debug|Any CPU.Build.0 = Debug|Any CPU
		{C84626A5-6C3D-4A2B-A6A9-DAAD4B1E51AF}.Release|Any CPU.ActiveCfg = Release|Any CPU
		{C84626A5-6C3D-4A2B-A6A9-DAAD4B1E51AF}.Release|Any CPU.Build.0 = Release|Any CPU
	EndGlobalSection
	GlobalSection(SolutionProperties) = preSolution
		HideSolutionNode = FALSE
	EndGlobalSection
	GlobalSection(ExtensibilityGlobals) = postSolution
		SolutionGuid = {853F855C-AF59-4639-AE85-936C48B494B7}
	EndGlobalSection
EndGlobal
